
Microsoft Visual Studio Solution File, Format Version 12.00
# Visual Studio Version 16
VisualStudioVersion = 16.0.30523.141
MinimumVisualStudioVersion = 10.0.40219.1
Project("{9A19103F-16F7-4668-BE54-9A1E7A4F7556}") = "Gateway", "Gateway\Gateway.csproj", "{0868E282-AB1E-4A97-A9C7-43A753642B9F}"
EndProject
Project("{9A19103F-16F7-4668-BE54-9A1E7A4F7556}") = "RdpBridge", "RdpBridge\RdpBridge.csproj", "{1E3C0AB4-050E-48E6-8E7A-D6561155DF6E}"
EndProject
Project("{FAE04EC0-301F-11D3-BF4B-00C04F79EFBC}") = "RdpBridgeTests", "RdpBridgeTests\RdpBridgeTests.csproj", "{3EFA681A-8E73-4B13-8697-B3761E451B17}"
EndProject
Global
	GlobalSection(SolutionConfigurationPlatforms) = preSolution
		Debug|Any CPU = Debug|Any CPU
		Release|Any CPU = Release|Any CPU
	EndGlobalSection
	GlobalSection(ProjectConfigurationPlatforms) = postSolution
		{0868E282-AB1E-4A97-A9C7-43A753642B9F}.Debug|Any CPU.ActiveCfg = Debug|Any CPU
		{0868E282-AB1E-4A97-A9C7-43A753642B9F}.Debug|Any CPU.Build.0 = Debug|Any CPU
		{0868E282-AB1E-4A97-A9C7-43A753642B9F}.Release|Any CPU.ActiveCfg = Release|Any CPU
		{0868E282-AB1E-4A97-A9C7-43A753642B9F}.Release|Any CPU.Build.0 = Release|Any CPU
		{1E3C0AB4-050E-48E6-8E7A-D6561155DF6E}.Debug|Any CPU.ActiveCfg = Debug|Any CPU
		{1E3C0AB4-050E-48E6-8E7A-D6561155DF6E}.Debug|Any CPU.Build.0 = Debug|Any CPU
		{1E3C0AB4-050E-48E6-8E7A-D6561155DF6E}.Release|Any CPU.ActiveCfg = Release|Any CPU
		{1E3C0AB4-050E-48E6-8E7A-D6561155DF6E}.Release|Any CPU.Build.0 = Release|Any CPU
		{3EFA681A-8E73-4B13-8697-B3761E451B17}.Debug|Any CPU.ActiveCfg = Debug|Any CPU
		{3EFA681A-8E73-4B13-8697-B3761E451B17}.Debug|Any CPU.Build.0 = Debug|Any CPU
		{3EFA681A-8E73-4B13-8697-B3761E451B17}.Release|Any CPU.ActiveCfg = Release|Any CPU
		{3EFA681A-8E73-4B13-8697-B3761E451B17}.Release|Any CPU.Build.0 = Release|Any CPU
	EndGlobalSection
	GlobalSection(SolutionProperties) = preSolution
		HideSolutionNode = FALSE
	EndGlobalSection
	GlobalSection(ExtensibilityGlobals) = postSolution
		SolutionGuid = {F37D5AB7-2C60-43A1-8074-6818EAF10140}
	EndGlobalSection
EndGlobal
